
Microsoft Visual Studio Solution File, Format Version 12.00
# Visual Studio Version 17
VisualStudioVersion = 17.5.002.0
MinimumVisualStudioVersion = 10.0.40219.1
Project("{9A19103F-16F7-4668-BE54-9A1E7A4F7556}") = "GruppProjekt", "GruppProjekt.csproj", "{3216C429-0B65-4DC1-9020-4D710B86808B}"
EndProject
Global
	GlobalSection(SolutionConfigurationPlatforms) = preSolution
		Debug|Any CPU = Debug|Any CPU
		Release|Any CPU = Release|Any CPU
	EndGlobalSection
	GlobalSection(ProjectConfigurationPlatforms) = postSolution
		{3216C429-0B65-4DC1-9020-4D710B86808B}.Debug|Any CPU.ActiveCfg = Debug|Any CPU
		{3216C429-0B65-4DC1-9020-4D710B86808B}.Debug|Any CPU.Build.0 = Debug|Any CPU
		{3216C429-0B65-4DC1-9020-4D710B86808B}.Release|Any CPU.ActiveCfg = Release|Any CPU
		{3216C429-0B65-4DC1-9020-4D710B86808B}.Release|Any CPU.Build.0 = Release|Any CPU
	EndGlobalSection
	GlobalSection(SolutionProperties) = preSolution
		HideSolutionNode = FALSE
	EndGlobalSection
	GlobalSection(ExtensibilityGlobals) = postSolution
		SolutionGuid = {18CE4767-59A3-4AF8-8597-79C768631B4E}
	EndGlobalSection
EndGlobal
